
Microsoft Visual Studio Solution File, Format Version 11.00
# Visual Studio 2010
Project("{FAE04EC0-301F-11D3-BF4B-00C04F79EFBC}") = "jqGridAddEditDelete", "jqGridAddEditDelete\jqGridAddEditDelete.csproj", "{02B6689B-DD07-4771-AD90-D65C1709E45C}"
EndProject
Global
	GlobalSection(SolutionConfigurationPlatforms) = preSolution
		Debug|Any CPU = Debug|Any CPU
		Release|Any CPU = Release|Any CPU
	EndGlobalSection
	GlobalSection(ProjectConfigurationPlatforms) = postSolution
		{02B6689B-DD07-4771-AD90-D65C1709E45C}.Debug|Any CPU.ActiveCfg = Debug|Any CPU
		{02B6689B-DD07-4771-AD90-D65C1709E45C}.Debug|Any CPU.Build.0 = Debug|Any CPU
		{02B6689B-DD07-4771-AD90-D65C1709E45C}.Release|Any CPU.ActiveCfg = Release|Any CPU
		{02B6689B-DD07-4771-AD90-D65C1709E45C}.Release|Any CPU.Build.0 = Release|Any CPU
	EndGlobalSection
	GlobalSection(SolutionProperties) = preSolution
		HideSolutionNode = FALSE
	EndGlobalSection
EndGlobal
